
Microsoft Visual Studio Solution File, Format Version 12.00
# Visual Studio 2013
VisualStudioVersion = 12.0.40629.0
MinimumVisualStudioVersion = 10.0.40219.1
Project("{FAE04EC0-301F-11D3-BF4B-00C04F79EFBC}") = "HealthKitData", "HealthKitData\HealthKitData.csproj", "{51D41C93-D94C-4ADE-A8EA-3E0E1AACF629}"
EndProject
Project("{FAE04EC0-301F-11D3-BF4B-00C04F79EFBC}") = "HealthKitAPI", "HealthKitAPI\HealthKitAPI.csproj", "{18272A60-9E7D-4270-BABF-7C3EEF055612}"
EndProject
Global
	GlobalSection(SolutionConfigurationPlatforms) = preSolution
		Debug|Any CPU = Debug|Any CPU
		Release|Any CPU = Release|Any CPU
	EndGlobalSection
	GlobalSection(ProjectConfigurationPlatforms) = postSolution
		{51D41C93-D94C-4ADE-A8EA-3E0E1AACF629}.Debug|Any CPU.ActiveCfg = Debug|Any CPU
		{51D41C93-D94C-4ADE-A8EA-3E0E1AACF629}.Debug|Any CPU.Build.0 = Debug|Any CPU
		{51D41C93-D94C-4ADE-A8EA-3E0E1AACF629}.Release|Any CPU.ActiveCfg = Release|Any CPU
		{51D41C93-D94C-4ADE-A8EA-3E0E1AACF629}.Release|Any CPU.Build.0 = Release|Any CPU
		{18272A60-9E7D-4270-BABF-7C3EEF055612}.Debug|Any CPU.ActiveCfg = Debug|Any CPU
		{18272A60-9E7D-4270-BABF-7C3EEF055612}.Debug|Any CPU.Build.0 = Debug|Any CPU
		{18272A60-9E7D-4270-BABF-7C3EEF055612}.Release|Any CPU.ActiveCfg = Release|Any CPU
		{18272A60-9E7D-4270-BABF-7C3EEF055612}.Release|Any CPU.Build.0 = Release|Any CPU
	EndGlobalSection
	GlobalSection(SolutionProperties) = preSolution
		HideSolutionNode = FALSE
	EndGlobalSection
EndGlobal
